// !$*UTF8*$!
{
	archiveVersion = 1;
	classes = {
	};
	objectVersion = 46;
	objects = {

/* Begin PBXBuildFile section */
		56456893825BD4F70D766E1B /* Pods_GreaterThanOneHundred.framework in Frameworks */ = {isa = PBXBuildFile; fileRef = D0F39AB6C08B03DF447551E2 /* Pods_GreaterThanOneHundred.framework */; };
		DB1043BB1E40D3E000699AE1 /* DbConsts.swift in Sources */ = {isa = PBXBuildFile; fileRef = DB1043BA1E40D3E000699AE1 /* DbConsts.swift */; };
		DB2BC4FC1E1E1DB7008D51E7 /* GoogleService-Info.plist in Resources */ = {isa = PBXBuildFile; fileRef = DB2BC4FB1E1E1DB7008D51E7 /* GoogleService-Info.plist */; };
		DB2BC5001E1F7A1A008D51E7 /* RequestUserInfoPageViewController.swift in Sources */ = {isa = PBXBuildFile; fileRef = DB2BC4FF1E1F7A1A008D51E7 /* RequestUserInfoPageViewController.swift */; };
		DB2FF5291E1A4110005215C1 /* TextFieldSingleLine.swift in Sources */ = {isa = PBXBuildFile; fileRef = DB2FF5281E1A4110005215C1 /* TextFieldSingleLine.swift */; };
		DB2FF52C1E1A4EEE005215C1 /* SignUpPageViewController.swift in Sources */ = {isa = PBXBuildFile; fileRef = DB2FF52B1E1A4EEE005215C1 /* SignUpPageViewController.swift */; };
		DB2FF52F1E1A948F005215C1 /* UITextFieldSingleLineProtocol.swift in Sources */ = {isa = PBXBuildFile; fileRef = DB2FF52E1E1A948F005215C1 /* UITextFieldSingleLineProtocol.swift */; };
		DB7267081E081C17005A9EEB /* AppDelegate.swift in Sources */ = {isa = PBXBuildFile; fileRef = DB7267071E081C17005A9EEB /* AppDelegate.swift */; };
		DB72670A1E081C17005A9EEB /* MainPageViewController.swift in Sources */ = {isa = PBXBuildFile; fileRef = DB7267091E081C17005A9EEB /* MainPageViewController.swift */; };
		DB72670D1E081C17005A9EEB /* Main.storyboard in Resources */ = {isa = PBXBuildFile; fileRef = DB72670B1E081C17005A9EEB /* Main.storyboard */; };
		DB7267101E081C17005A9EEB /* GreaterThanOneHudred.xcdatamodeld in Sources */ = {isa = PBXBuildFile; fileRef = DB72670E1E081C17005A9EEB /* GreaterThanOneHudred.xcdatamodeld */; };
		DB7267121E081C17005A9EEB /* Assets.xcassets in Resources */ = {isa = PBXBuildFile; fileRef = DB7267111E081C17005A9EEB /* Assets.xcassets */; };
		DB7267151E081C17005A9EEB /* LaunchScreen.storyboard in Resources */ = {isa = PBXBuildFile; fileRef = DB7267131E081C17005A9EEB /* LaunchScreen.storyboard */; };
		DB805CB51E2CB6620049CE42 /* WordingTableViewCell.swift in Sources */ = {isa = PBXBuildFile; fileRef = DB805CB31E2CB6620049CE42 /* WordingTableViewCell.swift */; };
		DB805CB61E2CB6620049CE42 /* WordingTableViewCell.xib in Resources */ = {isa = PBXBuildFile; fileRef = DB805CB41E2CB6620049CE42 /* WordingTableViewCell.xib */; };
		DB805CB91E2CB6CD0049CE42 /* MyWordingViewController.swift in Sources */ = {isa = PBXBuildFile; fileRef = DB805CB71E2CB6CD0049CE42 /* MyWordingViewController.swift */; };
		DB805CBA1E2CB6CD0049CE42 /* MyWordingViewController.xib in Resources */ = {isa = PBXBuildFile; fileRef = DB805CB81E2CB6CD0049CE42 /* MyWordingViewController.xib */; };
		DB805CBF1E2E1C330049CE42 /* SharedWordingViewController.swift in Sources */ = {isa = PBXBuildFile; fileRef = DB805CBD1E2E1C330049CE42 /* SharedWordingViewController.swift */; };
		DB805CC01E2E1C330049CE42 /* SharedWordingViewController.xib in Resources */ = {isa = PBXBuildFile; fileRef = DB805CBE1E2E1C330049CE42 /* SharedWordingViewController.xib */; };
		DB805D041E30AA630049CE42 /* WordingPageViewController.swift in Sources */ = {isa = PBXBuildFile; fileRef = DB805D031E30AA630049CE42 /* WordingPageViewController.swift */; };
		DB805D561E324F7D0049CE42 /* WordingInputViewController.swift in Sources */ = {isa = PBXBuildFile; fileRef = DB805D551E324F7D0049CE42 /* WordingInputViewController.swift */; };
		DB805D581E3605C40049CE42 /* Wording.swift in Sources */ = {isa = PBXBuildFile; fileRef = DB805D571E3605C40049CE42 /* Wording.swift */; };
		DBBCC41E1E1B698D00868DC9 /* LogInPageViewController.swift in Sources */ = {isa = PBXBuildFile; fileRef = DBBCC41D1E1B698D00868DC9 /* LogInPageViewController.swift */; };
		DBBCC4211E1BE58800868DC9 /* LoginManager.swift in Sources */ = {isa = PBXBuildFile; fileRef = DBBCC4201E1BE58800868DC9 /* LoginManager.swift */; };
		DBBCC42D1E1CDB2B00868DC9 /* KeychainItemAccessibility.swift in Sources */ = {isa = PBXBuildFile; fileRef = DBBCC42C1E1CDB2B00868DC9 /* KeychainItemAccessibility.swift */; };
		DBBCC42F1E1CDB3800868DC9 /* KeychainWrapper.swift in Sources */ = {isa = PBXBuildFile; fileRef = DBBCC42E1E1CDB3800868DC9 /* KeychainWrapper.swift */; };
		DBC51D611E480B5500E76AE0 /* AccountSettingViewController.swift in Sources */ = {isa = PBXBuildFile; fileRef = DBC51D601E480B5500E76AE0 /* AccountSettingViewController.swift */; };
		DBC51D761E5293BF00E76AE0 /* FeedViewProtocol.swift in Sources */ = {isa = PBXBuildFile; fileRef = DBC51D751E5293BF00E76AE0 /* FeedViewProtocol.swift */; };
/* End PBXBuildFile section */

/* Begin PBXFileReference section */
		117AC6154F4EC92374692C2D /* Pods-GreaterThanOneHundred.debug.xcconfig */ = {isa = PBXFileReference; includeInIndex = 1; lastKnownFileType = text.xcconfig; name = "Pods-GreaterThanOneHundred.debug.xcconfig"; path = "Pods/Target Support Files/Pods-GreaterThanOneHundred/Pods-GreaterThanOneHundred.debug.xcconfig"; sourceTree = "<group>"; };
		79A81F89CD79DCFE2FC68854 /* Pods-GreaterThanOneHundred.release.xcconfig */ = {isa = PBXFileReference; includeInIndex = 1; lastKnownFileType = text.xcconfig; name = "Pods-GreaterThanOneHundred.release.xcconfig"; path = "Pods/Target Support Files/Pods-GreaterThanOneHundred/Pods-GreaterThanOneHundred.release.xcconfig"; sourceTree = "<group>"; };
		D0F39AB6C08B03DF447551E2 /* Pods_GreaterThanOneHundred.framework */ = {isa = PBXFileReference; explicitFileType = wrapper.framework; includeInIndex = 0; path = Pods_GreaterThanOneHundred.framework; sourceTree = BUILT_PRODUCTS_DIR; };
		DB1043BA1E40D3E000699AE1 /* DbConsts.swift */ = {isa = PBXFileReference; fileEncoding = 4; lastKnownFileType = sourcecode.swift; path = DbConsts.swift; sourceTree = "<group>"; };
		DB2BC4FB1E1E1DB7008D51E7 /* GoogleService-Info.plist */ = {isa = PBXFileReference; fileEncoding = 4; lastKnownFileType = text.plist.xml; path = "GoogleService-Info.plist"; sourceTree = "<group>"; };
		DB2BC4FF1E1F7A1A008D51E7 /* RequestUserInfoPageViewController.swift */ = {isa = PBXFileReference; fileEncoding = 4; lastKnownFileType = sourcecode.swift; path = RequestUserInfoPageViewController.swift; sourceTree = "<group>"; };
		DB2FF5281E1A4110005215C1 /* TextFieldSingleLine.swift */ = {isa = PBXFileReference; fileEncoding = 4; lastKnownFileType = sourcecode.swift; path = TextFieldSingleLine.swift; sourceTree = "<group>"; };
		DB2FF52B1E1A4EEE005215C1 /* SignUpPageViewController.swift */ = {isa = PBXFileReference; fileEncoding = 4; lastKnownFileType = sourcecode.swift; path = SignUpPageViewController.swift; sourceTree = "<group>"; };
		DB2FF52E1E1A948F005215C1 /* UITextFieldSingleLineProtocol.swift */ = {isa = PBXFileReference; fileEncoding = 4; lastKnownFileType = sourcecode.swift; path = UITextFieldSingleLineProtocol.swift; sourceTree = "<group>"; };
		DB7267041E081C17005A9EEB /* GreaterThanOneHundred.app */ = {isa = PBXFileReference; explicitFileType = wrapper.application; includeInIndex = 0; path = GreaterThanOneHundred.app; sourceTree = BUILT_PRODUCTS_DIR; };
		DB7267071E081C17005A9EEB /* AppDelegate.swift */ = {isa = PBXFileReference; lastKnownFileType = sourcecode.swift; path = AppDelegate.swift; sourceTree = "<group>"; };
		DB7267091E081C17005A9EEB /* MainPageViewController.swift */ = {isa = PBXFileReference; lastKnownFileType = sourcecode.swift; path = MainPageViewController.swift; sourceTree = "<group>"; };
		DB72670C1E081C17005A9EEB /* Base */ = {isa = PBXFileReference; lastKnownFileType = file.storyboard; name = Base; path = Base.lproj/Main.storyboard; sourceTree = "<group>"; };
		DB72670F1E081C17005A9EEB /* GreaterThanOneHudred.xcdatamodel */ = {isa = PBXFileReference; lastKnownFileType = wrapper.xcdatamodel; path = GreaterThanOneHudred.xcdatamodel; sourceTree = "<group>"; };
		DB7267111E081C17005A9EEB /* Assets.xcassets */ = {isa = PBXFileReference; lastKnownFileType = folder.assetcatalog; path = Assets.xcassets; sourceTree = "<group>"; };
		DB7267141E081C17005A9EEB /* Base */ = {isa = PBXFileReference; lastKnownFileType = file.storyboard; name = Base; path = Base.lproj/LaunchScreen.storyboard; sourceTree = "<group>"; };
		DB7267161E081C17005A9EEB /* Info.plist */ = {isa = PBXFileReference; lastKnownFileType = text.plist.xml; path = Info.plist; sourceTree = "<group>"; };
		DB805CB31E2CB6620049CE42 /* WordingTableViewCell.swift */ = {isa = PBXFileReference; fileEncoding = 4; lastKnownFileType = sourcecode.swift; path = WordingTableViewCell.swift; sourceTree = "<group>"; };
		DB805CB41E2CB6620049CE42 /* WordingTableViewCell.xib */ = {isa = PBXFileReference; fileEncoding = 4; lastKnownFileType = file.xib; path = WordingTableViewCell.xib; sourceTree = "<group>"; };
		DB805CB71E2CB6CD0049CE42 /* MyWordingViewController.swift */ = {isa = PBXFileReference; fileEncoding = 4; lastKnownFileType = sourcecode.swift; path = MyWordingViewController.swift; sourceTree = "<group>"; };
		DB805CB81E2CB6CD0049CE42 /* MyWordingViewController.xib */ = {isa = PBXFileReference; fileEncoding = 4; lastKnownFileType = file.xib; path = MyWordingViewController.xib; sourceTree = "<group>"; };
		DB805CBD1E2E1C330049CE42 /* SharedWordingViewController.swift */ = {isa = PBXFileReference; fileEncoding = 4; lastKnownFileType = sourcecode.swift; path = SharedWordingViewController.swift; sourceTree = "<group>"; };
		DB805CBE1E2E1C330049CE42 /* SharedWordingViewController.xib */ = {isa = PBXFileReference; fileEncoding = 4; lastKnownFileType = file.xib; path = SharedWordingViewController.xib; sourceTree = "<group>"; };
		DB805D031E30AA630049CE42 /* WordingPageViewController.swift */ = {isa = PBXFileReference; fileEncoding = 4; lastKnownFileType = sourcecode.swift; path = WordingPageViewController.swift; sourceTree = "<group>"; };
		DB805D551E324F7D0049CE42 /* WordingInputViewController.swift */ = {isa = PBXFileReference; fileEncoding = 4; lastKnownFileType = sourcecode.swift; path = WordingInputViewController.swift; sourceTree = "<group>"; };
		DB805D571E3605C40049CE42 /* Wording.swift */ = {isa = PBXFileReference; fileEncoding = 4; lastKnownFileType = sourcecode.swift; path = Wording.swift; sourceTree = "<group>"; };
		DBBCC41D1E1B698D00868DC9 /* LogInPageViewController.swift */ = {isa = PBXFileReference; fileEncoding = 4; lastKnownFileType = sourcecode.swift; path = LogInPageViewController.swift; sourceTree = "<group>"; };
		DBBCC4201E1BE58800868DC9 /* LoginManager.swift */ = {isa = PBXFileReference; fileEncoding = 4; lastKnownFileType = sourcecode.swift; path = LoginManager.swift; sourceTree = "<group>"; };
		DBBCC42C1E1CDB2B00868DC9 /* KeychainItemAccessibility.swift */ = {isa = PBXFileReference; fileEncoding = 4; lastKnownFileType = sourcecode.swift; path = KeychainItemAccessibility.swift; sourceTree = "<group>"; };
		DBBCC42E1E1CDB3800868DC9 /* KeychainWrapper.swift */ = {isa = PBXFileReference; fileEncoding = 4; lastKnownFileType = sourcecode.swift; path = KeychainWrapper.swift; sourceTree = "<group>"; };
		DBBCC4301E1CDB4500868DC9 /* SwiftKeychainWrapper.h */ = {isa = PBXFileReference; lastKnownFileType = sourcecode.c.h; path = SwiftKeychainWrapper.h; sourceTree = "<group>"; };
		DBC51D601E480B5500E76AE0 /* AccountSettingViewController.swift */ = {isa = PBXFileReference; fileEncoding = 4; lastKnownFileType = sourcecode.swift; path = AccountSettingViewController.swift; sourceTree = "<group>"; };
		DBC51D751E5293BF00E76AE0 /* FeedViewProtocol.swift */ = {isa = PBXFileReference; fileEncoding = 4; lastKnownFileType = sourcecode.swift; path = FeedViewProtocol.swift; sourceTree = "<group>"; };
/* End PBXFileReference section */

/* Begin PBXFrameworksBuildPhase section */
		DB7267011E081C17005A9EEB /* Frameworks */ = {
			isa = PBXFrameworksBuildPhase;
			buildActionMask = 2147483647;
			files = (
				56456893825BD4F70D766E1B /* Pods_GreaterThanOneHundred.framework in Frameworks */,
			);
			runOnlyForDeploymentPostprocessing = 0;
		};
/* End PBXFrameworksBuildPhase section */

/* Begin PBXGroup section */
		168C24284B9377C5FCCBDB28 /* Pods */ = {
			isa = PBXGroup;
			children = (
				117AC6154F4EC92374692C2D /* Pods-GreaterThanOneHundred.debug.xcconfig */,
				79A81F89CD79DCFE2FC68854 /* Pods-GreaterThanOneHundred.release.xcconfig */,
			);
			name = Pods;
			sourceTree = "<group>";
		};
		6577D21E5AA7AFCC882C322A /* Frameworks */ = {
			isa = PBXGroup;
			children = (
				D0F39AB6C08B03DF447551E2 /* Pods_GreaterThanOneHundred.framework */,
			);
			name = Frameworks;
			sourceTree = "<group>";
		};
		DB2FF5261E19EA33005215C1 /* View */ = {
			isa = PBXGroup;
			children = (
				DB2FF5281E1A4110005215C1 /* TextFieldSingleLine.swift */,
				DB805CB31E2CB6620049CE42 /* WordingTableViewCell.swift */,
				DB805CB41E2CB6620049CE42 /* WordingTableViewCell.xib */,
			);
			name = View;
			sourceTree = "<group>";
		};
		DB2FF52A1E1A4EC9005215C1 /* Control */ = {
			isa = PBXGroup;
			children = (
				DB7267091E081C17005A9EEB /* MainPageViewController.swift */,
				DB2FF52B1E1A4EEE005215C1 /* SignUpPageViewController.swift */,
				DBBCC41D1E1B698D00868DC9 /* LogInPageViewController.swift */,
				DB2BC4FF1E1F7A1A008D51E7 /* RequestUserInfoPageViewController.swift */,
				DB805CB71E2CB6CD0049CE42 /* MyWordingViewController.swift */,
				DB805CB81E2CB6CD0049CE42 /* MyWordingViewController.xib */,
				DB805CBD1E2E1C330049CE42 /* SharedWordingViewController.swift */,
				DB805CBE1E2E1C330049CE42 /* SharedWordingViewController.xib */,
				DB805D031E30AA630049CE42 /* WordingPageViewController.swift */,
				DB805D551E324F7D0049CE42 /* WordingInputViewController.swift */,
				DBC51D601E480B5500E76AE0 /* AccountSettingViewController.swift */,
			);
			name = Control;
			sourceTree = "<group>";
		};
		DB2FF52D1E1A943E005215C1 /* Common */ = {
			isa = PBXGroup;
			children = (
				DB2FF52E1E1A948F005215C1 /* UITextFieldSingleLineProtocol.swift */,
				DB1043BA1E40D3E000699AE1 /* DbConsts.swift */,
				DBC51D751E5293BF00E76AE0 /* FeedViewProtocol.swift */,
			);
			name = Common;
			sourceTree = "<group>";
		};
		DB7266FB1E081C17005A9EEB = {
			isa = PBXGroup;
			children = (
				DB7267061E081C17005A9EEB /* GreaterThanOneHudred */,
				DB7267051E081C17005A9EEB /* Products */,
				168C24284B9377C5FCCBDB28 /* Pods */,
				6577D21E5AA7AFCC882C322A /* Frameworks */,
			);
			sourceTree = "<group>";
		};
		DB7267051E081C17005A9EEB /* Products */ = {
			isa = PBXGroup;
			children = (
				DB7267041E081C17005A9EEB /* GreaterThanOneHundred.app */,
			);
			name = Products;
			sourceTree = "<group>";
		};
		DB7267061E081C17005A9EEB /* GreaterThanOneHudred */ = {
			isa = PBXGroup;
			children = (
				DB805D591E360A9D0049CE42 /* Helper */,
				DB2FF52D1E1A943E005215C1 /* Common */,
				DB2FF52A1E1A4EC9005215C1 /* Control */,
				DBBCC41F1E1BE30F00868DC9 /* Model */,
				DB2FF5261E19EA33005215C1 /* View */,
				DB7267071E081C17005A9EEB /* AppDelegate.swift */,
				DB72670B1E081C17005A9EEB /* Main.storyboard */,
				DB7267111E081C17005A9EEB /* Assets.xcassets */,
				DB7267131E081C17005A9EEB /* LaunchScreen.storyboard */,
				DB7267161E081C17005A9EEB /* Info.plist */,
				DB72670E1E081C17005A9EEB /* GreaterThanOneHudred.xcdatamodeld */,
				DBBCC4221E1CD06400868DC9 /* Util */,
				DB2BC4FB1E1E1DB7008D51E7 /* GoogleService-Info.plist */,
			);
			path = GreaterThanOneHudred;
			sourceTree = "<group>";
		};
		DB805D591E360A9D0049CE42 /* Helper */ = {
			isa = PBXGroup;
			children = (
				DBBCC4201E1BE58800868DC9 /* LoginManager.swift */,
			);
			name = Helper;
			sourceTree = "<group>";
		};
		DBBCC41F1E1BE30F00868DC9 /* Model */ = {
			isa = PBXGroup;
			children = (
				DB805D571E3605C40049CE42 /* Wording.swift */,
			);
			name = Model;
			sourceTree = "<group>";
		};
		DBBCC4221E1CD06400868DC9 /* Util */ = {
			isa = PBXGroup;
			children = (
				DBBCC42B1E1CDAEC00868DC9 /* SwiftKeychainWrapper */,
			);
			name = Util;
			sourceTree = "<group>";
		};
		DBBCC42B1E1CDAEC00868DC9 /* SwiftKeychainWrapper */ = {
			isa = PBXGroup;
			children = (
				DBBCC42C1E1CDB2B00868DC9 /* KeychainItemAccessibility.swift */,
				DBBCC42E1E1CDB3800868DC9 /* KeychainWrapper.swift */,
				DBBCC4301E1CDB4500868DC9 /* SwiftKeychainWrapper.h */,
			);
			name = SwiftKeychainWrapper;
			sourceTree = "<group>";
		};
/* End PBXGroup section */

/* Begin PBXNativeTarget section */
		DB7267031E081C17005A9EEB /* GreaterThanOneHundred */ = {
			isa = PBXNativeTarget;
			buildConfigurationList = DB7267191E081C17005A9EEB /* Build configuration list for PBXNativeTarget "GreaterThanOneHundred" */;
			buildPhases = (
				41CC0D602E03C74B7E411B7C /* [CP] Check Pods Manifest.lock */,
				DB7267001E081C17005A9EEB /* Sources */,
				DB7267011E081C17005A9EEB /* Frameworks */,
				DB7267021E081C17005A9EEB /* Resources */,
				B112A8527E147B079C9DD583 /* [CP] Embed Pods Frameworks */,
				8B4E2F39F7731CAC809221F2 /* [CP] Copy Pods Resources */,
			);
			buildRules = (
			);
			dependencies = (
			);
			name = GreaterThanOneHundred;
			productName = GreaterThanOneHudred;
			productReference = DB7267041E081C17005A9EEB /* GreaterThanOneHundred.app */;
			productType = "com.apple.product-type.application";
		};
/* End PBXNativeTarget section */

/* Begin PBXProject section */
		DB7266FC1E081C17005A9EEB /* Project object */ = {
			isa = PBXProject;
			attributes = {
				LastSwiftUpdateCheck = 0820;
				LastUpgradeCheck = 0820;
				ORGANIZATIONNAME = dreamFactory;
				TargetAttributes = {
					DB7267031E081C17005A9EEB = {
						CreatedOnToolsVersion = 8.2;
						DevelopmentTeam = R7SH5ZSTD9;
						ProvisioningStyle = Automatic;
					};
				};
			};
			buildConfigurationList = DB7266FF1E081C17005A9EEB /* Build configuration list for PBXProject "GreaterThanOneHundred" */;
			compatibilityVersion = "Xcode 3.2";
			developmentRegion = English;
			hasScannedForEncodings = 0;
			knownRegions = (
				en,
				Base,
			);
			mainGroup = DB7266FB1E081C17005A9EEB;
			productRefGroup = DB7267051E081C17005A9EEB /* Products */;
			projectDirPath = "";
			projectRoot = "";
			targets = (
				DB7267031E081C17005A9EEB /* GreaterThanOneHundred */,
			);
		};
/* End PBXProject section */

/* Begin PBXResourcesBuildPhase section */
		DB7267021E081C17005A9EEB /* Resources */ = {
			isa = PBXResourcesBuildPhase;
			buildActionMask = 2147483647;
			files = (
				DB7267151E081C17005A9EEB /* LaunchScreen.storyboard in Resources */,
				DB805CC01E2E1C330049CE42 /* SharedWordingViewController.xib in Resources */,
				DB805CBA1E2CB6CD0049CE42 /* MyWordingViewController.xib in Resources */,
				DB2BC4FC1E1E1DB7008D51E7 /* GoogleService-Info.plist in Resources */,
				DB7267121E081C17005A9EEB /* Assets.xcassets in Resources */,
				DB805CB61E2CB6620049CE42 /* WordingTableViewCell.xib in Resources */,
				DB72670D1E081C17005A9EEB /* Main.storyboard in Resources */,
			);
			runOnlyForDeploymentPostprocessing = 0;
		};
/* End PBXResourcesBuildPhase section */

/* Begin PBXShellScriptBuildPhase section */
		41CC0D602E03C74B7E411B7C /* [CP] Check Pods Manifest.lock */ = {
			isa = PBXShellScriptBuildPhase;
			buildActionMask = 2147483647;
			files = (
			);
			inputPaths = (
			);
			name = "[CP] Check Pods Manifest.lock";
			outputPaths = (
			);
			runOnlyForDeploymentPostprocessing = 0;
			shellPath = /bin/sh;
			shellScript = "diff \"${PODS_ROOT}/../Podfile.lock\" \"${PODS_ROOT}/Manifest.lock\" > /dev/null\nif [ $? != 0 ] ; then\n    # print error to STDERR\n    echo \"error: The sandbox is not in sync with the Podfile.lock. Run 'pod install' or update your CocoaPods installation.\" >&2\n    exit 1\nfi\n";
			showEnvVarsInLog = 0;
		};
		8B4E2F39F7731CAC809221F2 /* [CP] Copy Pods Resources */ = {
			isa = PBXShellScriptBuildPhase;
			buildActionMask = 2147483647;
			files = (
			);
			inputPaths = (
			);
			name = "[CP] Copy Pods Resources";
			outputPaths = (
			);
			runOnlyForDeploymentPostprocessing = 0;
			shellPath = /bin/sh;
			shellScript = "\"${SRCROOT}/Pods/Target Support Files/Pods-GreaterThanOneHundred/Pods-GreaterThanOneHundred-resources.sh\"\n";
			showEnvVarsInLog = 0;
		};
		B112A8527E147B079C9DD583 /* [CP] Embed Pods Frameworks */ = {
			isa = PBXShellScriptBuildPhase;
			buildActionMask = 2147483647;
			files = (
			);
			inputPaths = (
			);
			name = "[CP] Embed Pods Frameworks";
			outputPaths = (
			);
			runOnlyForDeploymentPostprocessing = 0;
			shellPath = /bin/sh;
			shellScript = "\"${SRCROOT}/Pods/Target Support Files/Pods-GreaterThanOneHundred/Pods-GreaterThanOneHundred-frameworks.sh\"\n";
			showEnvVarsInLog = 0;
		};
/* End PBXShellScriptBuildPhase section */

/* Begin PBXSourcesBuildPhase section */
		DB7267001E081C17005A9EEB /* Sources */ = {
			isa = PBXSourcesBuildPhase;
			buildActionMask = 2147483647;
			files = (
				DB72670A1E081C17005A9EEB /* MainPageViewController.swift in Sources */,
				DB805CB51E2CB6620049CE42 /* WordingTableViewCell.swift in Sources */,
				DB805CBF1E2E1C330049CE42 /* SharedWordingViewController.swift in Sources */,
				DBC51D611E480B5500E76AE0 /* AccountSettingViewController.swift in Sources */,
				DBBCC4211E1BE58800868DC9 /* LoginManager.swift in Sources */,
				DB2FF52C1E1A4EEE005215C1 /* SignUpPageViewController.swift in Sources */,
				DBBCC42F1E1CDB3800868DC9 /* KeychainWrapper.swift in Sources */,
				DBBCC42D1E1CDB2B00868DC9 /* KeychainItemAccessibility.swift in Sources */,
				DB805CB91E2CB6CD0049CE42 /* MyWordingViewController.swift in Sources */,
				DB7267081E081C17005A9EEB /* AppDelegate.swift in Sources */,
				DB7267101E081C17005A9EEB /* GreaterThanOneHudred.xcdatamodeld in Sources */,
				DB805D561E324F7D0049CE42 /* WordingInputViewController.swift in Sources */,
				DB2FF5291E1A4110005215C1 /* TextFieldSingleLine.swift in Sources */,
				DB805D581E3605C40049CE42 /* Wording.swift in Sources */,
				DBBCC41E1E1B698D00868DC9 /* LogInPageViewController.swift in Sources */,
				DB2BC5001E1F7A1A008D51E7 /* RequestUserInfoPageViewController.swift in Sources */,
				DB2FF52F1E1A948F005215C1 /* UITextFieldSingleLineProtocol.swift in Sources */,
				DB805D041E30AA630049CE42 /* WordingPageViewController.swift in Sources */,
				DBC51D761E5293BF00E76AE0 /* FeedViewProtocol.swift in Sources */,
				DB1043BB1E40D3E000699AE1 /* DbConsts.swift in Sources */,
			);
			runOnlyForDeploymentPostprocessing = 0;
		};
/* End PBXSourcesBuildPhase section */

/* Begin PBXVariantGroup section */
		DB72670B1E081C17005A9EEB /* Main.storyboard */ = {
			isa = PBXVariantGroup;
			children = (
				DB72670C1E081C17005A9EEB /* Base */,
			);
			name = Main.storyboard;
			sourceTree = "<group>";
		};
		DB7267131E081C17005A9EEB /* LaunchScreen.storyboard */ = {
			isa = PBXVariantGroup;
			children = (
				DB7267141E081C17005A9EEB /* Base */,
			);
			name = LaunchScreen.storyboard;
			sourceTree = "<group>";
		};
/* End PBXVariantGroup section */

/* Begin XCBuildConfiguration section */
		DB7267171E081C17005A9EEB /* Debug */ = {
			isa = XCBuildConfiguration;
			buildSettings = {
				ALWAYS_SEARCH_USER_PATHS = NO;
				CLANG_ANALYZER_NONNULL = YES;
				CLANG_CXX_LANGUAGE_STANDARD = "gnu++0x";
				CLANG_CXX_LIBRARY = "libc++";
				CLANG_ENABLE_MODULES = YES;
				CLANG_ENABLE_OBJC_ARC = YES;
				CLANG_WARN_BOOL_CONVERSION = YES;
				CLANG_WARN_CONSTANT_CONVERSION = YES;
				CLANG_WARN_DIRECT_OBJC_ISA_USAGE = YES_ERROR;
				CLANG_WARN_DOCUMENTATION_COMMENTS = YES;
				CLANG_WARN_EMPTY_BODY = YES;
				CLANG_WARN_ENUM_CONVERSION = YES;
				CLANG_WARN_INFINITE_RECURSION = YES;
				CLANG_WARN_INT_CONVERSION = YES;
				CLANG_WARN_OBJC_ROOT_CLASS = YES_ERROR;
				CLANG_WARN_SUSPICIOUS_MOVE = YES;
				CLANG_WARN_UNREACHABLE_CODE = YES;
				CLANG_WARN__DUPLICATE_METHOD_MATCH = YES;
				"CODE_SIGN_IDENTITY[sdk=iphoneos*]" = "iPhone Developer";
				COPY_PHASE_STRIP = NO;
				DEBUG_INFORMATION_FORMAT = dwarf;
				ENABLE_STRICT_OBJC_MSGSEND = YES;
				ENABLE_TESTABILITY = YES;
				GCC_C_LANGUAGE_STANDARD = gnu99;
				GCC_DYNAMIC_NO_PIC = NO;
				GCC_NO_COMMON_BLOCKS = YES;
				GCC_OPTIMIZATION_LEVEL = 0;
				GCC_PREPROCESSOR_DEFINITIONS = (
					"DEBUG=1",
					"$(inherited)",
				);
				GCC_WARN_64_TO_32_BIT_CONVERSION = YES;
				GCC_WARN_ABOUT_RETURN_TYPE = YES_ERROR;
				GCC_WARN_UNDECLARED_SELECTOR = YES;
				GCC_WARN_UNINITIALIZED_AUTOS = YES_AGGRESSIVE;
				GCC_WARN_UNUSED_FUNCTION = YES;
				GCC_WARN_UNUSED_VARIABLE = YES;
				IPHONEOS_DEPLOYMENT_TARGET = 10.2;
				MTL_ENABLE_DEBUG_INFO = YES;
				ONLY_ACTIVE_ARCH = YES;
				SDKROOT = iphoneos;
				SWIFT_ACTIVE_COMPILATION_CONDITIONS = DEBUG;
				SWIFT_OPTIMIZATION_LEVEL = "-Onone";
			};
			name = Debug;
		};
		DB7267181E081C17005A9EEB /* Release */ = {
			isa = XCBuildConfiguration;
			buildSettings = {
				ALWAYS_SEARCH_USER_PATHS = NO;
				CLANG_ANALYZER_NONNULL = YES;
				CLANG_CXX_LANGUAGE_STANDARD = "gnu++0x";
				CLANG_CXX_LIBRARY = "libc++";
				CLANG_ENABLE_MODULES = YES;
				CLANG_ENABLE_OBJC_ARC = YES;
				CLANG_WARN_BOOL_CONVERSION = YES;
				CLANG_WARN_CONSTANT_CONVERSION = YES;
				CLANG_WARN_DIRECT_OBJC_ISA_USAGE = YES_ERROR;
				CLANG_WARN_DOCUMENTATION_COMMENTS = YES;
				CLANG_WARN_EMPTY_BODY = YES;
				CLANG_WARN_ENUM_CONVERSION = YES;
				CLANG_WARN_INFINITE_RECURSION = YES;
				CLANG_WARN_INT_CONVERSION = YES;
				CLANG_WARN_OBJC_ROOT_CLASS = YES_ERROR;
				CLANG_WARN_SUSPICIOUS_MOVE = YES;
				CLANG_WARN_UNREACHABLE_CODE = YES;
				CLANG_WARN__DUPLICATE_METHOD_MATCH = YES;
				"CODE_SIGN_IDENTITY[sdk=iphoneos*]" = "iPhone Developer";
				COPY_PHASE_STRIP = NO;
				DEBUG_INFORMATION_FORMAT = "dwarf-with-dsym";
				ENABLE_NS_ASSERTIONS = NO;
				ENABLE_STRICT_OBJC_MSGSEND = YES;
				GCC_C_LANGUAGE_STANDARD = gnu99;
				GCC_NO_COMMON_BLOCKS = YES;
				GCC_WARN_64_TO_32_BIT_CONVERSION = YES;
				GCC_WARN_ABOUT_RETURN_TYPE = YES_ERROR;
				GCC_WARN_UNDECLARED_SELECTOR = YES;
				GCC_WARN_UNINITIALIZED_AUTOS = YES_AGGRESSIVE;
				GCC_WARN_UNUSED_FUNCTION = YES;
				GCC_WARN_UNUSED_VARIABLE = YES;
				IPHONEOS_DEPLOYMENT_TARGET = 10.2;
				MTL_ENABLE_DEBUG_INFO = NO;
				SDKROOT = iphoneos;
				SWIFT_OPTIMIZATION_LEVEL = "-Owholemodule";
				VALIDATE_PRODUCT = YES;
			};
			name = Release;
		};
		DB72671A1E081C17005A9EEB /* Debug */ = {
			isa = XCBuildConfiguration;
			baseConfigurationReference = 117AC6154F4EC92374692C2D /* Pods-GreaterThanOneHundred.debug.xcconfig */;
			buildSettings = {
				ASSETCATALOG_COMPILER_APPICON_NAME = AppIcon;
				DEVELOPMENT_TEAM = R7SH5ZSTD9;
				INFOPLIST_FILE = GreaterThanOneHudred/Info.plist;
				IPHONEOS_DEPLOYMENT_TARGET = 10.2;
				LD_RUNPATH_SEARCH_PATHS = "$(inherited) @executable_path/Frameworks";
				PRODUCT_BUNDLE_IDENTIFIER = com.dreamFactory.GreaterThanOneHundred;
				PRODUCT_NAME = "$(TARGET_NAME)";
				SWIFT_VERSION = 3.0;
			};
			name = Debug;
		};
		DB72671B1E081C17005A9EEB /* Release */ = {
			isa = XCBuildConfiguration;
			baseConfigurationReference = 79A81F89CD79DCFE2FC68854 /* Pods-GreaterThanOneHundred.release.xcconfig */;
			buildSettings = {
				ASSETCATALOG_COMPILER_APPICON_NAME = AppIcon;
				DEVELOPMENT_TEAM = R7SH5ZSTD9;
				INFOPLIST_FILE = GreaterThanOneHudred/Info.plist;
				IPHONEOS_DEPLOYMENT_TARGET = 10.2;
				LD_RUNPATH_SEARCH_PATHS = "$(inherited) @executable_path/Frameworks";
				PRODUCT_BUNDLE_IDENTIFIER = com.dreamFactory.GreaterThanOneHundred;
				PRODUCT_NAME = "$(TARGET_NAME)";
				SWIFT_VERSION = 3.0;
			};
			name = Release;
		};
/* End XCBuildConfiguration section */

/* Begin XCConfigurationList section */
		DB7266FF1E081C17005A9EEB /* Build configuration list for PBXProject "GreaterThanOneHundred" */ = {
			isa = XCConfigurationList;
			buildConfigurations = (
				DB7267171E081C17005A9EEB /* Debug */,
				DB7267181E081C17005A9EEB /* Release */,
			);
			defaultConfigurationIsVisible = 0;
			defaultConfigurationName = Release;
		};
		DB7267191E081C17005A9EEB /* Build configuration list for PBXNativeTarget "GreaterThanOneHundred" */ = {
			isa = XCConfigurationList;
			buildConfigurations = (
				DB72671A1E081C17005A9EEB /* Debug */,
				DB72671B1E081C17005A9EEB /* Release */,
			);
			defaultConfigurationIsVisible = 0;
			defaultConfigurationName = Release;
		};
/* End XCConfigurationList section */

/* Begin XCVersionGroup section */
		DB72670E1E081C17005A9EEB /* GreaterThanOneHudred.xcdatamodeld */ = {
			isa = XCVersionGroup;
			children = (
				DB72670F1E081C17005A9EEB /* GreaterThanOneHudred.xcdatamodel */,
			);
			currentVersion = DB72670F1E081C17005A9EEB /* GreaterThanOneHudred.xcdatamodel */;
			path = GreaterThanOneHudred.xcdatamodeld;
			sourceTree = "<group>";
			versionGroupType = wrapper.xcdatamodel;
		};
/* End XCVersionGroup section */
	};
	rootObject = DB7266FC1E081C17005A9EEB /* Project object */;
}
